
Microsoft Visual Studio Solution File, Format Version 12.00
# Visual Studio Version 17
VisualStudioVersion = 17.0.31919.166
MinimumVisualStudioVersion = 10.0.40219.1
Project("{2150E333-8FDC-42A3-9474-1A3956D46DE8}") = "Src", "Src", "{B5A02C35-94DF-4DD2-90B2-B217C5624796}"
EndProject
Project("{9A19103F-16F7-4668-BE54-9A1E7A4F7556}") = "Common", "Src\Common\Common.csproj", "{9BCEA8EC-8335-4755-9E37-8D293E8E5549}"
EndProject
Project("{9A19103F-16F7-4668-BE54-9A1E7A4F7556}") = "API", "Src\API\API.csproj", "{2171985C-778E-4573-94A1-18F85354EC18}"
EndProject
Project("{9A19103F-16F7-4668-BE54-9A1E7A4F7556}") = "DTO", "Src\DTO\DTO.csproj", "{E3AADACB-6F3A-44F4-B8BB-CB298CA7FC9E}"
EndProject
Project("{9A19103F-16F7-4668-BE54-9A1E7A4F7556}") = "Service", "Src\Service\Service.csproj", "{B48A716F-09E3-4C0B-B7D2-FC4D92CD54AF}"
EndProject
Project("{9A19103F-16F7-4668-BE54-9A1E7A4F7556}") = "Context", "Src\Context\Context.csproj", "{199C8F6D-6856-4174-9D0E-F2988A517E64}"
EndProject
Project("{9A19103F-16F7-4668-BE54-9A1E7A4F7556}") = "Repository", "Src\Repository\Repository.csproj", "{40C6C0D8-3F24-4692-8361-2998663679A2}"
EndProject
Project("{9A19103F-16F7-4668-BE54-9A1E7A4F7556}") = "Logger", "Src\Logger\Logger.csproj", "{D13A43F9-C254-4B30-911E-27664F86BED7}"
EndProject
Project("{2150E333-8FDC-42A3-9474-1A3956D46DE8}") = "Utilities", "Utilities", "{858B0351-38FA-4A22-9A19-EFAF23F5E172}"
EndProject
Project("{2150E333-8FDC-42A3-9474-1A3956D46DE8}") = "Workers", "Workers", "{46C60390-17C2-44E2-8619-DCE11117993A}"
EndProject
Global
	GlobalSection(SolutionConfigurationPlatforms) = preSolution
		Debug|Any CPU = Debug|Any CPU
		Release|Any CPU = Release|Any CPU
	EndGlobalSection
	GlobalSection(ProjectConfigurationPlatforms) = postSolution
		{9BCEA8EC-8335-4755-9E37-8D293E8E5549}.Debug|Any CPU.ActiveCfg = Debug|Any CPU
		{9BCEA8EC-8335-4755-9E37-8D293E8E5549}.Debug|Any CPU.Build.0 = Debug|Any CPU
		{9BCEA8EC-8335-4755-9E37-8D293E8E5549}.Release|Any CPU.ActiveCfg = Release|Any CPU
		{9BCEA8EC-8335-4755-9E37-8D293E8E5549}.Release|Any CPU.Build.0 = Release|Any CPU
		{2171985C-778E-4573-94A1-18F85354EC18}.Debug|Any CPU.ActiveCfg = Debug|Any CPU
		{2171985C-778E-4573-94A1-18F85354EC18}.Debug|Any CPU.Build.0 = Debug|Any CPU
		{2171985C-778E-4573-94A1-18F85354EC18}.Release|Any CPU.ActiveCfg = Release|Any CPU
		{2171985C-778E-4573-94A1-18F85354EC18}.Release|Any CPU.Build.0 = Release|Any CPU
		{E3AADACB-6F3A-44F4-B8BB-CB298CA7FC9E}.Debug|Any CPU.ActiveCfg = Debug|Any CPU
		{E3AADACB-6F3A-44F4-B8BB-CB298CA7FC9E}.Debug|Any CPU.Build.0 = Debug|Any CPU
		{E3AADACB-6F3A-44F4-B8BB-CB298CA7FC9E}.Release|Any CPU.ActiveCfg = Release|Any CPU
		{E3AADACB-6F3A-44F4-B8BB-CB298CA7FC9E}.Release|Any CPU.Build.0 = Release|Any CPU
		{B48A716F-09E3-4C0B-B7D2-FC4D92CD54AF}.Debug|Any CPU.ActiveCfg = Debug|Any CPU
		{B48A716F-09E3-4C0B-B7D2-FC4D92CD54AF}.Debug|Any CPU.Build.0 = Debug|Any CPU
		{B48A716F-09E3-4C0B-B7D2-FC4D92CD54AF}.Release|Any CPU.ActiveCfg = Release|Any CPU
		{B48A716F-09E3-4C0B-B7D2-FC4D92CD54AF}.Release|Any CPU.Build.0 = Release|Any CPU
		{199C8F6D-6856-4174-9D0E-F2988A517E64}.Debug|Any CPU.ActiveCfg = Debug|Any CPU
		{199C8F6D-6856-4174-9D0E-F2988A517E64}.Debug|Any CPU.Build.0 = Debug|Any CPU
		{199C8F6D-6856-4174-9D0E-F2988A517E64}.Release|Any CPU.ActiveCfg = Release|Any CPU
		{199C8F6D-6856-4174-9D0E-F2988A517E64}.Release|Any CPU.Build.0 = Release|Any CPU
		{40C6C0D8-3F24-4692-8361-2998663679A2}.Debug|Any CPU.ActiveCfg = Debug|Any CPU
		{40C6C0D8-3F24-4692-8361-2998663679A2}.Debug|Any CPU.Build.0 = Debug|Any CPU
		{40C6C0D8-3F24-4692-8361-2998663679A2}.Release|Any CPU.ActiveCfg = Release|Any CPU
		{40C6C0D8-3F24-4692-8361-2998663679A2}.Release|Any CPU.Build.0 = Release|Any CPU
		{D13A43F9-C254-4B30-911E-27664F86BED7}.Debug|Any CPU.ActiveCfg = Debug|Any CPU
		{D13A43F9-C254-4B30-911E-27664F86BED7}.Debug|Any CPU.Build.0 = Debug|Any CPU
		{D13A43F9-C254-4B30-911E-27664F86BED7}.Release|Any CPU.ActiveCfg = Release|Any CPU
		{D13A43F9-C254-4B30-911E-27664F86BED7}.Release|Any CPU.Build.0 = Release|Any CPU
	EndGlobalSection
	GlobalSection(SolutionProperties) = preSolution
		HideSolutionNode = FALSE
	EndGlobalSection
	GlobalSection(NestedProjects) = preSolution
		{9BCEA8EC-8335-4755-9E37-8D293E8E5549} = {B5A02C35-94DF-4DD2-90B2-B217C5624796}
		{2171985C-778E-4573-94A1-18F85354EC18} = {B5A02C35-94DF-4DD2-90B2-B217C5624796}
		{E3AADACB-6F3A-44F4-B8BB-CB298CA7FC9E} = {B5A02C35-94DF-4DD2-90B2-B217C5624796}
		{B48A716F-09E3-4C0B-B7D2-FC4D92CD54AF} = {B5A02C35-94DF-4DD2-90B2-B217C5624796}
		{199C8F6D-6856-4174-9D0E-F2988A517E64} = {B5A02C35-94DF-4DD2-90B2-B217C5624796}
		{40C6C0D8-3F24-4692-8361-2998663679A2} = {B5A02C35-94DF-4DD2-90B2-B217C5624796}
		{D13A43F9-C254-4B30-911E-27664F86BED7} = {B5A02C35-94DF-4DD2-90B2-B217C5624796}
	EndGlobalSection
	GlobalSection(ExtensibilityGlobals) = postSolution
		SolutionGuid = {B960F4A0-07EB-4CE5-8C87-3FB76E744C7D}
	EndGlobalSection
EndGlobal
